
Microsoft Visual Studio Solution File, Format Version 12.00
# Visual Studio 15
VisualStudioVersion = 15.0.27130.2020
MinimumVisualStudioVersion = 10.0.40219.1
Project("{2150E333-8FDC-42A3-9474-1A3956D46DE8}") = "Windows", "Windows", "{14E9F4EA-1D39-4E19-A59A-4D91402FB890}"
EndProject
Project("{FAE04EC0-301F-11D3-BF4B-00C04F79EFBC}") = "Swincher", "Windows\Swincher\Swincher.csproj", "{A45FB062-363E-4D32-9AF6-3F1BE2ED23EE}"
EndProject
Project("{FAE04EC0-301F-11D3-BF4B-00C04F79EFBC}") = "Core", "Core\Core.csproj", "{3D1FE8C1-2E31-4D61-A6F1-9FFCC9BE666D}"
EndProject
Global
	GlobalSection(SolutionConfigurationPlatforms) = preSolution
		Debug|Any CPU = Debug|Any CPU
		Release|Any CPU = Release|Any CPU
	EndGlobalSection
	GlobalSection(ProjectConfigurationPlatforms) = postSolution
		{A45FB062-363E-4D32-9AF6-3F1BE2ED23EE}.Debug|Any CPU.ActiveCfg = Debug|Any CPU
		{A45FB062-363E-4D32-9AF6-3F1BE2ED23EE}.Debug|Any CPU.Build.0 = Debug|Any CPU
		{A45FB062-363E-4D32-9AF6-3F1BE2ED23EE}.Release|Any CPU.ActiveCfg = Release|Any CPU
		{A45FB062-363E-4D32-9AF6-3F1BE2ED23EE}.Release|Any CPU.Build.0 = Release|Any CPU
		{3D1FE8C1-2E31-4D61-A6F1-9FFCC9BE666D}.Debug|Any CPU.ActiveCfg = Debug|Any CPU
		{3D1FE8C1-2E31-4D61-A6F1-9FFCC9BE666D}.Debug|Any CPU.Build.0 = Debug|Any CPU
		{3D1FE8C1-2E31-4D61-A6F1-9FFCC9BE666D}.Release|Any CPU.ActiveCfg = Release|Any CPU
		{3D1FE8C1-2E31-4D61-A6F1-9FFCC9BE666D}.Release|Any CPU.Build.0 = Release|Any CPU
	EndGlobalSection
	GlobalSection(SolutionProperties) = preSolution
		HideSolutionNode = FALSE
	EndGlobalSection
	GlobalSection(NestedProjects) = preSolution
		{A45FB062-363E-4D32-9AF6-3F1BE2ED23EE} = {14E9F4EA-1D39-4E19-A59A-4D91402FB890}
	EndGlobalSection
	GlobalSection(ExtensibilityGlobals) = postSolution
		SolutionGuid = {69A31CF5-DBC9-4634-8A96-F9537FA363E7}
	EndGlobalSection
EndGlobal
